
Microsoft Visual Studio Solution File, Format Version 12.00
# Visual Studio 14
VisualStudioVersion = 14.0.25420.1
MinimumVisualStudioVersion = 10.0.40219.1
Project("{E24C65DC-7377-472B-9ABA-BC803B73C61A}") = "ORCS", "http://localhost/ORCS", "{ECD3E0A4-BB0F-4092-9547-555B404C498C}"
	ProjectSection(WebsiteProperties) = preProject
		UseIISExpress = "false"
		TargetFrameworkMoniker = ".NETFramework,Version%3Dv4.5.2"
		ProjectReferences = "{a0a7ecc2-c402-414f-b04b-b1e672260649}|gradeprogram.dll;"
		Debug.AspNetCompiler.VirtualPath = "/ORCS"
		Debug.AspNetCompiler.PhysicalPath = "..\ORCS\"
		Debug.AspNetCompiler.TargetPath = "PrecompiledWeb\ORCS\"
		Debug.AspNetCompiler.Updateable = "true"
		Debug.AspNetCompiler.ForceOverwrite = "true"
		Debug.AspNetCompiler.FixedNames = "false"
		Debug.AspNetCompiler.Debug = "True"
		Release.AspNetCompiler.VirtualPath = "/ORCS"
		Release.AspNetCompiler.PhysicalPath = "..\ORCS\"
		Release.AspNetCompiler.TargetPath = "PrecompiledWeb\ORCS\"
		Release.AspNetCompiler.Updateable = "true"
		Release.AspNetCompiler.ForceOverwrite = "true"
		Release.AspNetCompiler.FixedNames = "false"
		Release.AspNetCompiler.Debug = "False"
		SlnRelativePath = "..\ORCS\"
	EndProjectSection
EndProject
Project("{FAE04EC0-301F-11D3-BF4B-00C04F79EFBC}") = "gradeprogram", "C:\Users\chiu\Desktop\Integrate Program comparing to Hints\gradeprogram\gradeprogram\gradeprogram.csproj", "{A0A7ECC2-C402-414F-B04B-B1E672260649}"
EndProject
Global
	GlobalSection(SolutionConfigurationPlatforms) = preSolution
		Debug|Any CPU = Debug|Any CPU
		Release|Any CPU = Release|Any CPU
	EndGlobalSection
	GlobalSection(ProjectConfigurationPlatforms) = postSolution
		{ECD3E0A4-BB0F-4092-9547-555B404C498C}.Debug|Any CPU.ActiveCfg = Debug|Any CPU
		{ECD3E0A4-BB0F-4092-9547-555B404C498C}.Debug|Any CPU.Build.0 = Debug|Any CPU
		{ECD3E0A4-BB0F-4092-9547-555B404C498C}.Release|Any CPU.ActiveCfg = Debug|Any CPU
		{ECD3E0A4-BB0F-4092-9547-555B404C498C}.Release|Any CPU.Build.0 = Debug|Any CPU
		{A0A7ECC2-C402-414F-B04B-B1E672260649}.Debug|Any CPU.ActiveCfg = Debug|Any CPU
		{A0A7ECC2-C402-414F-B04B-B1E672260649}.Debug|Any CPU.Build.0 = Debug|Any CPU
		{A0A7ECC2-C402-414F-B04B-B1E672260649}.Release|Any CPU.ActiveCfg = Release|Any CPU
		{A0A7ECC2-C402-414F-B04B-B1E672260649}.Release|Any CPU.Build.0 = Release|Any CPU
	EndGlobalSection
	GlobalSection(SolutionProperties) = preSolution
		HideSolutionNode = FALSE
	EndGlobalSection
EndGlobal
